
Microsoft Visual Studio Solution File, Format Version 12.00
# Visual Studio Version 16
VisualStudioVersion = 16.0.29905.134
MinimumVisualStudioVersion = 10.0.40219.1
Project("{FAE04EC0-301F-11D3-BF4B-00C04F79EFBC}") = "GetTenantSiteCollectionsDotNet", "GetTenantSiteCollectionsDotNet\GetTenantSiteCollectionsDotNet.csproj", "{AD376574-8553-4439-9140-4B2910D08863}"
EndProject
Global
	GlobalSection(SolutionConfigurationPlatforms) = preSolution
		Debug|Any CPU = Debug|Any CPU
		Release|Any CPU = Release|Any CPU
	EndGlobalSection
	GlobalSection(ProjectConfigurationPlatforms) = postSolution
		{AD376574-8553-4439-9140-4B2910D08863}.Debug|Any CPU.ActiveCfg = Debug|Any CPU
		{AD376574-8553-4439-9140-4B2910D08863}.Debug|Any CPU.Build.0 = Debug|Any CPU
		{AD376574-8553-4439-9140-4B2910D08863}.Release|Any CPU.ActiveCfg = Release|Any CPU
		{AD376574-8553-4439-9140-4B2910D08863}.Release|Any CPU.Build.0 = Release|Any CPU
	EndGlobalSection
	GlobalSection(SolutionProperties) = preSolution
		HideSolutionNode = FALSE
	EndGlobalSection
	GlobalSection(ExtensibilityGlobals) = postSolution
		SolutionGuid = {E627A918-0DD3-4D0B-99EA-71DE4228B514}
	EndGlobalSection
EndGlobal
